
Microsoft Visual Studio Solution File, Format Version 12.00
# Visual Studio Version 17
VisualStudioVersion = 17.4.33110.190
MinimumVisualStudioVersion = 10.0.40219.1
Project("{9A19103F-16F7-4668-BE54-9A1E7A4F7556}") = "AppVenta.Dominio", "AppVenta.Dominio\AppVenta.Dominio.csproj", "{F69D4389-D444-406A-8DF7-197173B2BCF1}"
EndProject
Project("{9A19103F-16F7-4668-BE54-9A1E7A4F7556}") = "AppVenta.Aplicaciones", "AppVenta.Aplicaciones\AppVenta.Aplicaciones.csproj", "{A45C6B07-F1C7-4524-9CEC-8B82D756BA90}"
EndProject
Project("{FAE04EC0-301F-11D3-BF4B-00C04F79EFBC}") = "AppVenta.Infraestructura.Datos", "AppVenta.Infraestructura.Datos\AppVenta.Infraestructura.Datos.csproj", "{D17DF10F-4482-4433-B23E-D14B6942F6E0}"
EndProject
Project("{FAE04EC0-301F-11D3-BF4B-00C04F79EFBC}") = "AppVEnta.Infraestructura.API", "AppVEnta.Infraestructura.API\AppVEnta.Infraestructura.API.csproj", "{AB98709E-8003-484F-B95D-FF76ED09AE7A}"
EndProject
Global
	GlobalSection(SolutionConfigurationPlatforms) = preSolution
		Debug|Any CPU = Debug|Any CPU
		Release|Any CPU = Release|Any CPU
	EndGlobalSection
	GlobalSection(ProjectConfigurationPlatforms) = postSolution
		{F69D4389-D444-406A-8DF7-197173B2BCF1}.Debug|Any CPU.ActiveCfg = Debug|Any CPU
		{F69D4389-D444-406A-8DF7-197173B2BCF1}.Debug|Any CPU.Build.0 = Debug|Any CPU
		{F69D4389-D444-406A-8DF7-197173B2BCF1}.Release|Any CPU.ActiveCfg = Release|Any CPU
		{F69D4389-D444-406A-8DF7-197173B2BCF1}.Release|Any CPU.Build.0 = Release|Any CPU
		{A45C6B07-F1C7-4524-9CEC-8B82D756BA90}.Debug|Any CPU.ActiveCfg = Debug|Any CPU
		{A45C6B07-F1C7-4524-9CEC-8B82D756BA90}.Debug|Any CPU.Build.0 = Debug|Any CPU
		{A45C6B07-F1C7-4524-9CEC-8B82D756BA90}.Release|Any CPU.ActiveCfg = Release|Any CPU
		{A45C6B07-F1C7-4524-9CEC-8B82D756BA90}.Release|Any CPU.Build.0 = Release|Any CPU
		{D17DF10F-4482-4433-B23E-D14B6942F6E0}.Debug|Any CPU.ActiveCfg = Debug|Any CPU
		{D17DF10F-4482-4433-B23E-D14B6942F6E0}.Debug|Any CPU.Build.0 = Debug|Any CPU
		{D17DF10F-4482-4433-B23E-D14B6942F6E0}.Release|Any CPU.ActiveCfg = Release|Any CPU
		{D17DF10F-4482-4433-B23E-D14B6942F6E0}.Release|Any CPU.Build.0 = Release|Any CPU
		{AB98709E-8003-484F-B95D-FF76ED09AE7A}.Debug|Any CPU.ActiveCfg = Debug|Any CPU
		{AB98709E-8003-484F-B95D-FF76ED09AE7A}.Debug|Any CPU.Build.0 = Debug|Any CPU
		{AB98709E-8003-484F-B95D-FF76ED09AE7A}.Release|Any CPU.ActiveCfg = Release|Any CPU
		{AB98709E-8003-484F-B95D-FF76ED09AE7A}.Release|Any CPU.Build.0 = Release|Any CPU
	EndGlobalSection
	GlobalSection(SolutionProperties) = preSolution
		HideSolutionNode = FALSE
	EndGlobalSection
	GlobalSection(ExtensibilityGlobals) = postSolution
		SolutionGuid = {D1F2C8C0-170E-4161-B7B8-AB347400E726}
	EndGlobalSection
EndGlobal
